{
  "name": "ls",
  "version": "1.0.0",
  "lockfileVersion": 2,
  "requires": true,
  "packages": {
    "": {
      "name": "ls",
      "version": "1.0.0",
      "license": "ISC",
      "dependencies": {
        "add-zero": "^1.0.0"
      }
    },
    "node_modules/add-zero": {
      "version": "1.0.0",
      "resolved": "https://registry.npmjs.org/add-zero/-/add-zero-1.0.0.tgz",
      "integrity": "sha512-WpPiUgy7h9Kd7NY0aTuhfx7vjub3XYbZCq1W2e/LMvUsEmYK/hz8xgFDmd0GnKpk44HXFwIFu1hEOivc+MzJ0Q=="
    }
  },
  "dependencies": {
    "add-zero": {
      "version": "1.0.0",
      "resolved": "https://registry.npmjs.org/add-zero/-/add-zero-1.0.0.tgz",
      "integrity": "sha512-WpPiUgy7h9Kd7NY0aTuhfx7vjub3XYbZCq1W2e/LMvUsEmYK/hz8xgFDmd0GnKpk44HXFwIFu1hEOivc+MzJ0Q=="
    }
  }
}
